
Microsoft Visual Studio Solution File, Format Version 12.00
# Visual Studio 15
VisualStudioVersion = 15.0.27703.2042
MinimumVisualStudioVersion = 10.0.40219.1
Project("{FAE04EC0-301F-11D3-BF4B-00C04F79EFBC}") = "Hello2", "Hello2\Hello2.csproj", "{756DBA05-D1D5-4A60-B03A-9E72A131FA97}"
EndProject
Global
	GlobalSection(SolutionConfigurationPlatforms) = preSolution
		Debug|Any CPU = Debug|Any CPU
		Release|Any CPU = Release|Any CPU
	EndGlobalSection
	GlobalSection(ProjectConfigurationPlatforms) = postSolution
		{756DBA05-D1D5-4A60-B03A-9E72A131FA97}.Debug|Any CPU.ActiveCfg = Debug|Any CPU
		{756DBA05-D1D5-4A60-B03A-9E72A131FA97}.Debug|Any CPU.Build.0 = Debug|Any CPU
		{756DBA05-D1D5-4A60-B03A-9E72A131FA97}.Release|Any CPU.ActiveCfg = Release|Any CPU
		{756DBA05-D1D5-4A60-B03A-9E72A131FA97}.Release|Any CPU.Build.0 = Release|Any CPU
	EndGlobalSection
	GlobalSection(SolutionProperties) = preSolution
		HideSolutionNode = FALSE
	EndGlobalSection
	GlobalSection(ExtensibilityGlobals) = postSolution
		SolutionGuid = {A91268E1-9A4D-4C06-BD50-321EA6B76ACA}
	EndGlobalSection
EndGlobal
